
Microsoft Visual Studio Solution File, Format Version 12.00
# Visual Studio Version 17
VisualStudioVersion = 17.0.31912.275
MinimumVisualStudioVersion = 10.0.40219.1
Project("{FAE04EC0-301F-11D3-BF4B-00C04F79EFBC}") = "Patterns", "Patterns\Patterns.csproj", "{2D030EBA-5D7A-428F-A341-9813F8B12ED0}"
EndProject
Global
	GlobalSection(SolutionConfigurationPlatforms) = preSolution
		Debug|Any CPU = Debug|Any CPU
		Release|Any CPU = Release|Any CPU
	EndGlobalSection
	GlobalSection(ProjectConfigurationPlatforms) = postSolution
		{2D030EBA-5D7A-428F-A341-9813F8B12ED0}.Debug|Any CPU.ActiveCfg = Debug|Any CPU
		{2D030EBA-5D7A-428F-A341-9813F8B12ED0}.Debug|Any CPU.Build.0 = Debug|Any CPU
		{2D030EBA-5D7A-428F-A341-9813F8B12ED0}.Release|Any CPU.ActiveCfg = Release|Any CPU
		{2D030EBA-5D7A-428F-A341-9813F8B12ED0}.Release|Any CPU.Build.0 = Release|Any CPU
	EndGlobalSection
	GlobalSection(SolutionProperties) = preSolution
		HideSolutionNode = FALSE
	EndGlobalSection
	GlobalSection(ExtensibilityGlobals) = postSolution
		SolutionGuid = {90AB6CC4-4373-47FB-8BE3-645A31CBAEEC}
	EndGlobalSection
EndGlobal
